// !$*UTF8*$!
{
	archiveVersion = 1;
	classes = {
	};
	objectVersion = 48;
	objects = {

/* Begin PBXBuildFile section */
		07A804B9A79CC563A81700E5 /* Pods_KUAIXIAO_SwiftUITests.framework in Frameworks */ = {isa = PBXBuildFile; fileRef = C150567BC2680A67054ADC8E /* Pods_KUAIXIAO_SwiftUITests.framework */; };
		1652AA1F8FFE8FEFF43E071A /* Pods_KUAIXIAO_SwiftTests.framework in Frameworks */ = {isa = PBXBuildFile; fileRef = 83B1910C7B59B33A427E84C7 /* Pods_KUAIXIAO_SwiftTests.framework */; };
		3EA5EE3A1F98C04B00606053 /* AppDelegate.swift in Sources */ = {isa = PBXBuildFile; fileRef = 3EA5EE391F98C04B00606053 /* AppDelegate.swift */; };
		3EA5EE3F1F98C04B00606053 /* Main.storyboard in Resources */ = {isa = PBXBuildFile; fileRef = 3EA5EE3D1F98C04B00606053 /* Main.storyboard */; };
		3EA5EE411F98C04B00606053 /* Assets.xcassets in Resources */ = {isa = PBXBuildFile; fileRef = 3EA5EE401F98C04B00606053 /* Assets.xcassets */; };
		3EA5EE441F98C04B00606053 /* LaunchScreen.storyboard in Resources */ = {isa = PBXBuildFile; fileRef = 3EA5EE421F98C04B00606053 /* LaunchScreen.storyboard */; };
		3EA5EE4F1F98C04B00606053 /* KUAIXIAO_SwiftTests.swift in Sources */ = {isa = PBXBuildFile; fileRef = 3EA5EE4E1F98C04B00606053 /* KUAIXIAO_SwiftTests.swift */; };
		3EA5EE5A1F98C04B00606053 /* KUAIXIAO_SwiftUITests.swift in Sources */ = {isa = PBXBuildFile; fileRef = 3EA5EE591F98C04B00606053 /* KUAIXIAO_SwiftUITests.swift */; };
		3EFDE4101F98C79200810993 /* KX_LoginVC.swift in Sources */ = {isa = PBXBuildFile; fileRef = 3EFDE40E1F98C79200810993 /* KX_LoginVC.swift */; };
		3EFDE4111F98C79200810993 /* KX_LoginVC.xib in Resources */ = {isa = PBXBuildFile; fileRef = 3EFDE40F1F98C79200810993 /* KX_LoginVC.xib */; };
		8F372BF91FCD82A300C5410B /* KX_ContentDetailView.swift in Sources */ = {isa = PBXBuildFile; fileRef = 8F372BF81FCD82A200C5410B /* KX_ContentDetailView.swift */; };
		8F6248D41FB1D70800D73135 /* KX_UserInfo.swift in Sources */ = {isa = PBXBuildFile; fileRef = 8F6248D31FB1D70800D73135 /* KX_UserInfo.swift */; };
		8F7A7BEC1FA73CC7008E7E0B /* mac.swift in Sources */ = {isa = PBXBuildFile; fileRef = 8F7A7BEB1FA73CC7008E7E0B /* mac.swift */; };
		8F7A7BED1FA74322008E7E0B /* Alamofire.framework in Frameworks */ = {isa = PBXBuildFile; fileRef = 8F7A7BEE1FA74322008E7E0B /* Alamofire.framework */; };
		8F7A7BEF1FA74337008E7E0B /* DZNEmptyDataSet.framework in Frameworks */ = {isa = PBXBuildFile; fileRef = 8F7A7BF51FA74337008E7E0B /* DZNEmptyDataSet.framework */; };
		8F7A7BF01FA74337008E7E0B /* FillableLoaders.framework in Frameworks */ = {isa = PBXBuildFile; fileRef = 8F7A7BF61FA74337008E7E0B /* FillableLoaders.framework */; };
		8F7A7BF11FA74337008E7E0B /* Onboard.framework in Frameworks */ = {isa = PBXBuildFile; fileRef = 8F7A7BF71FA74337008E7E0B /* Onboard.framework */; };
		8F7A7BF21FA74337008E7E0B /* RAMAnimatedTabBarController.framework in Frameworks */ = {isa = PBXBuildFile; fileRef = 8F7A7BF81FA74337008E7E0B /* RAMAnimatedTabBarController.framework */; };
		8F7A7BF31FA74337008E7E0B /* Reachability.framework in Frameworks */ = {isa = PBXBuildFile; fileRef = 8F7A7BF91FA74337008E7E0B /* Reachability.framework */; };
		8F7A7BF41FA74337008E7E0B /* SJProgressHUD.framework in Frameworks */ = {isa = PBXBuildFile; fileRef = 8F7A7BFA1FA74337008E7E0B /* SJProgressHUD.framework */; };
		8FA827531FA1F864002D59A5 /* KX_MainTabBarVC.swift in Sources */ = {isa = PBXBuildFile; fileRef = 8FA827521FA1F864002D59A5 /* KX_MainTabBarVC.swift */; };
		8FA827761FA1FA32002D59A5 /* 向右.png in Resources */ = {isa = PBXBuildFile; fileRef = 8FA827581FA1FA32002D59A5 /* 向右.png */; };
		8FA827771FA1FA32002D59A5 /* 赞过回复的人60.png in Resources */ = {isa = PBXBuildFile; fileRef = 8FA827591FA1FA32002D59A5 /* 赞过回复的人60.png */; };
		8FA827781FA1FA32002D59A5 /* 750-128.jpg in Resources */ = {isa = PBXBuildFile; fileRef = 8FA8275A1FA1FA32002D59A5 /* 750-128.jpg */; };
		8FA827791FA1FA32002D59A5 /* 底部-我.png in Resources */ = {isa = PBXBuildFile; fileRef = 8FA8275B1FA1FA32002D59A5 /* 底部-我.png */; };
		8FA8277A1FA1FA32002D59A5 /* 选择-1.png in Resources */ = {isa = PBXBuildFile; fileRef = 8FA8275C1FA1FA32002D59A5 /* 选择-1.png */; };
		8FA8277B1FA1FA32002D59A5 /* 底部-我-1.png in Resources */ = {isa = PBXBuildFile; fileRef = 8FA8275D1FA1FA32002D59A5 /* 底部-我-1.png */; };
		8FA8277C1FA1FA32002D59A5 /* 750-128-1.png in Resources */ = {isa = PBXBuildFile; fileRef = 8FA8275E1FA1FA32002D59A5 /* 750-128-1.png */; };
		8FA8277D1FA1FA32002D59A5 /* 个人资料-默认图像120.png in Resources */ = {isa = PBXBuildFile; fileRef = 8FA8275F1FA1FA32002D59A5 /* 个人资料-默认图像120.png */; };
		8FA8277E1FA1FA32002D59A5 /* 筛选.png in Resources */ = {isa = PBXBuildFile; fileRef = 8FA827601FA1FA32002D59A5 /* 筛选.png */; };
		8FA8277F1FA1FA32002D59A5 /* 筛选-选中.png in Resources */ = {isa = PBXBuildFile; fileRef = 8FA827611FA1FA32002D59A5 /* 筛选-选中.png */; };
		8FA827801FA1FA32002D59A5 /* 底部-消息.png in Resources */ = {isa = PBXBuildFile; fileRef = 8FA827621FA1FA32002D59A5 /* 底部-消息.png */; };
		8FA827811FA1FA32002D59A5 /* 原图选择-1.png in Resources */ = {isa = PBXBuildFile; fileRef = 8FA827631FA1FA32002D59A5 /* 原图选择-1.png */; };
		8FA827821FA1FA32002D59A5 /* 日志默认头像72.png in Resources */ = {isa = PBXBuildFile; fileRef = 8FA827641FA1FA32002D59A5 /* 日志默认头像72.png */; };
		8FA827831FA1FA32002D59A5 /* 搜索.png in Resources */ = {isa = PBXBuildFile; fileRef = 8FA827651FA1FA32002D59A5 /* 搜索.png */; };
		8FA827841FA1FA32002D59A5 /* 修改密码.png in Resources */ = {isa = PBXBuildFile; fileRef = 8FA827661FA1FA32002D59A5 /* 修改密码.png */; };
		8FA827851FA1FA32002D59A5 /* 选择.png in Resources */ = {isa = PBXBuildFile; fileRef = 8FA827671FA1FA32002D59A5 /* 选择.png */; };
		8FA827861FA1FA32002D59A5 /* 底部-工作-1.png in Resources */ = {isa = PBXBuildFile; fileRef = 8FA827681FA1FA32002D59A5 /* 底部-工作-1.png */; };
		8FA827871FA1FA32002D59A5 /* 搜索 (2).png in Resources */ = {isa = PBXBuildFile; fileRef = 8FA827691FA1FA32002D59A5 /* 搜索 (2).png */; };
		8FA827881FA1FA32002D59A5 /* 底部-应用.png in Resources */ = {isa = PBXBuildFile; fileRef = 8FA8276A1FA1FA32002D59A5 /* 底部-应用.png */; };
		8FA827891FA1FA32002D59A5 /* 圆角矩形-1.9.png in Resources */ = {isa = PBXBuildFile; fileRef = 8FA8276B1FA1FA32002D59A5 /* 圆角矩形-1.9.png */; };
		8FA8278A1FA1FA32002D59A5 /* 向下.png in Resources */ = {isa = PBXBuildFile; fileRef = 8FA8276C1FA1FA32002D59A5 /* 向下.png */; };
		8FA8278B1FA1FA32002D59A5 /* 原图选择.png in Resources */ = {isa = PBXBuildFile; fileRef = 8FA8276D1FA1FA32002D59A5 /* 原图选择.png */; };
		8FA8278C1FA1FA32002D59A5 /* 向上.jpg in Resources */ = {isa = PBXBuildFile; fileRef = 8FA8276E1FA1FA32002D59A5 /* 向上.jpg */; };
		8FA8278D1FA1FA32002D59A5 /* 底部-消息-1.png in Resources */ = {isa = PBXBuildFile; fileRef = 8FA8276F1FA1FA32002D59A5 /* 底部-消息-1.png */; };
		8FA8278E1FA1FA32002D59A5 /* 底部-工作.png in Resources */ = {isa = PBXBuildFile; fileRef = 8FA827701FA1FA32002D59A5 /* 底部-工作.png */; };
		8FA8278F1FA1FA32002D59A5 /* 修改密码-1.png in Resources */ = {isa = PBXBuildFile; fileRef = 8FA827711FA1FA32002D59A5 /* 修改密码-1.png */; };
		8FA827901FA1FA32002D59A5 /* 添加.png in Resources */ = {isa = PBXBuildFile; fileRef = 8FA827721FA1FA32002D59A5 /* 添加.png */; };
		8FA827911FA1FA32002D59A5 /* 底部-应用-1.png in Resources */ = {isa = PBXBuildFile; fileRef = 8FA827731FA1FA32002D59A5 /* 底部-应用-1.png */; };
		8FA827921FA1FA32002D59A5 /* 头部-返回.png in Resources */ = {isa = PBXBuildFile; fileRef = 8FA827741FA1FA32002D59A5 /* 头部-返回.png */; };
		8FA827931FA1FA32002D59A5 /* 选择员工-默认头像92.png in Resources */ = {isa = PBXBuildFile; fileRef = 8FA827751FA1FA32002D59A5 /* 选择员工-默认头像92.png */; };
		8FA827991FA1FD0D002D59A5 /* KX_AddressVC.swift in Sources */ = {isa = PBXBuildFile; fileRef = 8FA827951FA1FD0D002D59A5 /* KX_AddressVC.swift */; };
		8FA827AC1FA1FE30002D59A5 /* KX_WorkVC.swift in Sources */ = {isa = PBXBuildFile; fileRef = 8FA827AB1FA1FE30002D59A5 /* KX_WorkVC.swift */; };
		8FA827AE1FA1FE40002D59A5 /* KX_MeViewController.swift in Sources */ = {isa = PBXBuildFile; fileRef = 8FA827AD1FA1FE40002D59A5 /* KX_MeViewController.swift */; };
		8FA827B11FA205A0002D59A5 /* FK_RequestTool.swift in Sources */ = {isa = PBXBuildFile; fileRef = 8FA827B01FA205A0002D59A5 /* FK_RequestTool.swift */; };
		8FAB1BA31FC44A1D00B10F53 /* KX_MessageVC.swift in Sources */ = {isa = PBXBuildFile; fileRef = 8FAB1BA21FC44A1D00B10F53 /* KX_MessageVC.swift */; };
		8FAB1BA51FC58FA500B10F53 /* KX_LogCell.swift in Sources */ = {isa = PBXBuildFile; fileRef = 8FAB1BA41FC58FA500B10F53 /* KX_LogCell.swift */; };
		8FCD6A3D1FBB141F0092C793 /* FK_LogModel.swift in Sources */ = {isa = PBXBuildFile; fileRef = 8FCD6A3C1FBB141F0092C793 /* FK_LogModel.swift */; };
		8FCD6A3F1FBB142F0092C793 /* KX_LogVModel.swift in Sources */ = {isa = PBXBuildFile; fileRef = 8FCD6A3E1FBB142F0092C793 /* KX_LogVModel.swift */; };
		8FCD6A481FBB19850092C793 /* WHC_Frame.swift in Sources */ = {isa = PBXBuildFile; fileRef = 8FCD6A441FBB19850092C793 /* WHC_Frame.swift */; };
		8FCD6A491FBB19850092C793 /* WHC_StackView.swift in Sources */ = {isa = PBXBuildFile; fileRef = 8FCD6A451FBB19850092C793 /* WHC_StackView.swift */; };
		8FCD6A4A1FBB19850092C793 /* WHC_AutoLayout.swift in Sources */ = {isa = PBXBuildFile; fileRef = 8FCD6A461FBB19850092C793 /* WHC_AutoLayout.swift */; };
		8FCD6A4B1FBB19850092C793 /* WHC_AutoCellHeight.swift in Sources */ = {isa = PBXBuildFile; fileRef = 8FCD6A471FBB19850092C793 /* WHC_AutoCellHeight.swift */; };
		8FD2AAF01FA9E45C00AE3203 /* FK_UIDeviceExtension.swift in Sources */ = {isa = PBXBuildFile; fileRef = 8FD2AAEF1FA9E45C00AE3203 /* FK_UIDeviceExtension.swift */; };
		C1D327906FC636EB2FDAE437 /* Pods_KUAIXIAO_Swift.framework in Frameworks */ = {isa = PBXBuildFile; fileRef = F14988DE91CD1598CC7D74FF /* Pods_KUAIXIAO_Swift.framework */; };
/* End PBXBuildFile section */

/* Begin PBXContainerItemProxy section */
		3EA5EE4B1F98C04B00606053 /* PBXContainerItemProxy */ = {
			isa = PBXContainerItemProxy;
			containerPortal = 3EA5EE2E1F98C04B00606053 /* Project object */;
			proxyType = 1;
			remoteGlobalIDString = 3EA5EE351F98C04B00606053;
			remoteInfo = KUAIXIAO_Swift;
		};
		3EA5EE561F98C04B00606053 /* PBXContainerItemProxy */ = {
			isa = PBXContainerItemProxy;
			containerPortal = 3EA5EE2E1F98C04B00606053 /* Project object */;
			proxyType = 1;
			remoteGlobalIDString = 3EA5EE351F98C04B00606053;
			remoteInfo = KUAIXIAO_Swift;
		};
/* End PBXContainerItemProxy section */

/* Begin PBXFileReference section */
		3EA5EE361F98C04B00606053 /* KUAIXIAO_Swift.app */ = {isa = PBXFileReference; explicitFileType = wrapper.application; includeInIndex = 0; path = KUAIXIAO_Swift.app; sourceTree = BUILT_PRODUCTS_DIR; };
		3EA5EE391F98C04B00606053 /* AppDelegate.swift */ = {isa = PBXFileReference; lastKnownFileType = sourcecode.swift; path = AppDelegate.swift; sourceTree = "<group>"; };
		3EA5EE3E1F98C04B00606053 /* Base */ = {isa = PBXFileReference; lastKnownFileType = file.storyboard; name = Base; path = Base.lproj/Main.storyboard; sourceTree = "<group>"; };
		3EA5EE401F98C04B00606053 /* Assets.xcassets */ = {isa = PBXFileReference; lastKnownFileType = folder.assetcatalog; path = Assets.xcassets; sourceTree = "<group>"; };
		3EA5EE431F98C04B00606053 /* Base */ = {isa = PBXFileReference; lastKnownFileType = file.storyboard; name = Base; path = Base.lproj/LaunchScreen.storyboard; sourceTree = "<group>"; };
		3EA5EE451F98C04B00606053 /* Info.plist */ = {isa = PBXFileReference; lastKnownFileType = text.plist.xml; path = Info.plist; sourceTree = "<group>"; };
		3EA5EE4A1F98C04B00606053 /* KUAIXIAO_SwiftTests.xctest */ = {isa = PBXFileReference; explicitFileType = wrapper.cfbundle; includeInIndex = 0; path = KUAIXIAO_SwiftTests.xctest; sourceTree = BUILT_PRODUCTS_DIR; };
		3EA5EE4E1F98C04B00606053 /* KUAIXIAO_SwiftTests.swift */ = {isa = PBXFileReference; lastKnownFileType = sourcecode.swift; path = KUAIXIAO_SwiftTests.swift; sourceTree = "<group>"; };
		3EA5EE501F98C04B00606053 /* Info.plist */ = {isa = PBXFileReference; lastKnownFileType = text.plist.xml; path = Info.plist; sourceTree = "<group>"; };
		3EA5EE551F98C04B00606053 /* KUAIXIAO_SwiftUITests.xctest */ = {isa = PBXFileReference; explicitFileType = wrapper.cfbundle; includeInIndex = 0; path = KUAIXIAO_SwiftUITests.xctest; sourceTree = BUILT_PRODUCTS_DIR; };
		3EA5EE591F98C04B00606053 /* KUAIXIAO_SwiftUITests.swift */ = {isa = PBXFileReference; lastKnownFileType = sourcecode.swift; path = KUAIXIAO_SwiftUITests.swift; sourceTree = "<group>"; };
		3EA5EE5B1F98C04B00606053 /* Info.plist */ = {isa = PBXFileReference; lastKnownFileType = text.plist.xml; path = Info.plist; sourceTree = "<group>"; };
		3EFDE4001F98C66900810993 /* Info.plist */ = {isa = PBXFileReference; lastKnownFileType = text.plist.xml; path = Info.plist; sourceTree = "<group>"; };
		3EFDE4011F98C66900810993 /* KUAIXIAO_SwiftTests.swift */ = {isa = PBXFileReference; lastKnownFileType = sourcecode.swift; path = KUAIXIAO_SwiftTests.swift; sourceTree = "<group>"; };
		3EFDE4031F98C66900810993 /* Info.plist */ = {isa = PBXFileReference; lastKnownFileType = text.plist.xml; path = Info.plist; sourceTree = "<group>"; };
		3EFDE4041F98C66900810993 /* KUAIXIAO_SwiftUITests.swift */ = {isa = PBXFileReference; lastKnownFileType = sourcecode.swift; path = KUAIXIAO_SwiftUITests.swift; sourceTree = "<group>"; };
		3EFDE40E1F98C79200810993 /* KX_LoginVC.swift */ = {isa = PBXFileReference; lastKnownFileType = sourcecode.swift; path = KX_LoginVC.swift; sourceTree = "<group>"; };
		3EFDE40F1F98C79200810993 /* KX_LoginVC.xib */ = {isa = PBXFileReference; lastKnownFileType = file.xib; path = KX_LoginVC.xib; sourceTree = "<group>"; };
		623AA3B6E079C6D2E6CCD90E /* Pods-KUAIXIAO_Swift.release.xcconfig */ = {isa = PBXFileReference; includeInIndex = 1; lastKnownFileType = text.xcconfig; name = "Pods-KUAIXIAO_Swift.release.xcconfig"; path = "Pods/Target Support Files/Pods-KUAIXIAO_Swift/Pods-KUAIXIAO_Swift.release.xcconfig"; sourceTree = "<group>"; };
		70DE7A274C49B7336040A5A9 /* Pods-KUAIXIAO_SwiftTests.release.xcconfig */ = {isa = PBXFileReference; includeInIndex = 1; lastKnownFileType = text.xcconfig; name = "Pods-KUAIXIAO_SwiftTests.release.xcconfig"; path = "Pods/Target Support Files/Pods-KUAIXIAO_SwiftTests/Pods-KUAIXIAO_SwiftTests.release.xcconfig"; sourceTree = "<group>"; };
		83B1910C7B59B33A427E84C7 /* Pods_KUAIXIAO_SwiftTests.framework */ = {isa = PBXFileReference; explicitFileType = wrapper.framework; includeInIndex = 0; path = Pods_KUAIXIAO_SwiftTests.framework; sourceTree = BUILT_PRODUCTS_DIR; };
		8F372BF81FCD82A200C5410B /* KX_ContentDetailView.swift */ = {isa = PBXFileReference; lastKnownFileType = sourcecode.swift; path = KX_ContentDetailView.swift; sourceTree = "<group>"; };
		8F6248D31FB1D70800D73135 /* KX_UserInfo.swift */ = {isa = PBXFileReference; lastKnownFileType = sourcecode.swift; path = KX_UserInfo.swift; sourceTree = "<group>"; };
		8F7A7BEB1FA73CC7008E7E0B /* mac.swift */ = {isa = PBXFileReference; lastKnownFileType = sourcecode.swift; path = mac.swift; sourceTree = "<group>"; };
		8F7A7BEE1FA74322008E7E0B /* Alamofire.framework */ = {isa = PBXFileReference; explicitFileType = wrapper.framework; path = Alamofire.framework; sourceTree = BUILT_PRODUCTS_DIR; };
		8F7A7BF51FA74337008E7E0B /* DZNEmptyDataSet.framework */ = {isa = PBXFileReference; explicitFileType = wrapper.framework; path = DZNEmptyDataSet.framework; sourceTree = BUILT_PRODUCTS_DIR; };
		8F7A7BF61FA74337008E7E0B /* FillableLoaders.framework */ = {isa = PBXFileReference; explicitFileType = wrapper.framework; path = FillableLoaders.framework; sourceTree = BUILT_PRODUCTS_DIR; };
		8F7A7BF71FA74337008E7E0B /* Onboard.framework */ = {isa = PBXFileReference; explicitFileType = wrapper.framework; path = Onboard.framework; sourceTree = BUILT_PRODUCTS_DIR; };
		8F7A7BF81FA74337008E7E0B /* RAMAnimatedTabBarController.framework */ = {isa = PBXFileReference; explicitFileType = wrapper.framework; path = RAMAnimatedTabBarController.framework; sourceTree = BUILT_PRODUCTS_DIR; };
		8F7A7BF91FA74337008E7E0B /* Reachability.framework */ = {isa = PBXFileReference; explicitFileType = wrapper.framework; path = Reachability.framework; sourceTree = BUILT_PRODUCTS_DIR; };
		8F7A7BFA1FA74337008E7E0B /* SJProgressHUD.framework */ = {isa = PBXFileReference; explicitFileType = wrapper.framework; path = SJProgressHUD.framework; sourceTree = BUILT_PRODUCTS_DIR; };
		8FA827521FA1F864002D59A5 /* KX_MainTabBarVC.swift */ = {isa = PBXFileReference; lastKnownFileType = sourcecode.swift; path = KX_MainTabBarVC.swift; sourceTree = "<group>"; };
		8FA827581FA1FA32002D59A5 /* 向右.png */ = {isa = PBXFileReference; lastKnownFileType = image.png; path = "向右.png"; sourceTree = "<group>"; };
		8FA827591FA1FA32002D59A5 /* 赞过回复的人60.png */ = {isa = PBXFileReference; lastKnownFileType = image.png; path = "赞过回复的人60.png"; sourceTree = "<group>"; };
		8FA8275A1FA1FA32002D59A5 /* 750-128.jpg */ = {isa = PBXFileReference; lastKnownFileType = image.jpeg; path = "750-128.jpg"; sourceTree = "<group>"; };
		8FA8275B1FA1FA32002D59A5 /* 底部-我.png */ = {isa = PBXFileReference; lastKnownFileType = image.png; path = "底部-我.png"; sourceTree = "<group>"; };
		8FA8275C1FA1FA32002D59A5 /* 选择-1.png */ = {isa = PBXFileReference; lastKnownFileType = image.png; path = "选择-1.png"; sourceTree = "<group>"; };
		8FA8275D1FA1FA32002D59A5 /* 底部-我-1.png */ = {isa = PBXFileReference; lastKnownFileType = image.png; path = "底部-我-1.png"; sourceTree = "<group>"; };
		8FA8275E1FA1FA32002D59A5 /* 750-128-1.png */ = {isa = PBXFileReference; lastKnownFileType = image.png; path = "750-128-1.png"; sourceTree = "<group>"; };
		8FA8275F1FA1FA32002D59A5 /* 个人资料-默认图像120.png */ = {isa = PBXFileReference; lastKnownFileType = image.png; path = "个人资料-默认图像120.png"; sourceTree = "<group>"; };
		8FA827601FA1FA32002D59A5 /* 筛选.png */ = {isa = PBXFileReference; lastKnownFileType = image.png; path = "筛选.png"; sourceTree = "<group>"; };
		8FA827611FA1FA32002D59A5 /* 筛选-选中.png */ = {isa = PBXFileReference; lastKnownFileType = image.png; path = "筛选-选中.png"; sourceTree = "<group>"; };
		8FA827621FA1FA32002D59A5 /* 底部-消息.png */ = {isa = PBXFileReference; lastKnownFileType = image.png; path = "底部-消息.png"; sourceTree = "<group>"; };
		8FA827631FA1FA32002D59A5 /* 原图选择-1.png */ = {isa = PBXFileReference; lastKnownFileType = image.png; path = "原图选择-1.png"; sourceTree = "<group>"; };
		8FA827641FA1FA32002D59A5 /* 日志默认头像72.png */ = {isa = PBXFileReference; lastKnownFileType = image.png; path = "日志默认头像72.png"; sourceTree = "<group>"; };
		8FA827651FA1FA32002D59A5 /* 搜索.png */ = {isa = PBXFileReference; lastKnownFileType = image.png; path = "搜索.png"; sourceTree = "<group>"; };
		8FA827661FA1FA32002D59A5 /* 修改密码.png */ = {isa = PBXFileReference; lastKnownFileType = image.png; path = "修改密码.png"; sourceTree = "<group>"; };
		8FA827671FA1FA32002D59A5 /* 选择.png */ = {isa = PBXFileReference; lastKnownFileType = image.png; path = "选择.png"; sourceTree = "<group>"; };
		8FA827681FA1FA32002D59A5 /* 底部-工作-1.png */ = {isa = PBXFileReference; lastKnownFileType = image.png; path = "底部-工作-1.png"; sourceTree = "<group>"; };
		8FA827691FA1FA32002D59A5 /* 搜索 (2).png */ = {isa = PBXFileReference; lastKnownFileType = image.png; path = "搜索 (2).png"; sourceTree = "<group>"; };
		8FA8276A1FA1FA32002D59A5 /* 底部-应用.png */ = {isa = PBXFileReference; lastKnownFileType = image.png; path = "底部-应用.png"; sourceTree = "<group>"; };
		8FA8276B1FA1FA32002D59A5 /* 圆角矩形-1.9.png */ = {isa = PBXFileReference; lastKnownFileType = image.png; path = "圆角矩形-1.9.png"; sourceTree = "<group>"; };
		8FA8276C1FA1FA32002D59A5 /* 向下.png */ = {isa = PBXFileReference; lastKnownFileType = image.png; path = "向下.png"; sourceTree = "<group>"; };
		8FA8276D1FA1FA32002D59A5 /* 原图选择.png */ = {isa = PBXFileReference; lastKnownFileType = image.png; path = "原图选择.png"; sourceTree = "<group>"; };
		8FA8276E1FA1FA32002D59A5 /* 向上.jpg */ = {isa = PBXFileReference; lastKnownFileType = image.jpeg; path = "向上.jpg"; sourceTree = "<group>"; };
		8FA8276F1FA1FA32002D59A5 /* 底部-消息-1.png */ = {isa = PBXFileReference; lastKnownFileType = image.png; path = "底部-消息-1.png"; sourceTree = "<group>"; };
		8FA827701FA1FA32002D59A5 /* 底部-工作.png */ = {isa = PBXFileReference; lastKnownFileType = image.png; path = "底部-工作.png"; sourceTree = "<group>"; };
		8FA827711FA1FA32002D59A5 /* 修改密码-1.png */ = {isa = PBXFileReference; lastKnownFileType = image.png; path = "修改密码-1.png"; sourceTree = "<group>"; };
		8FA827721FA1FA32002D59A5 /* 添加.png */ = {isa = PBXFileReference; lastKnownFileType = image.png; path = "添加.png"; sourceTree = "<group>"; };
		8FA827731FA1FA32002D59A5 /* 底部-应用-1.png */ = {isa = PBXFileReference; lastKnownFileType = image.png; path = "底部-应用-1.png"; sourceTree = "<group>"; };
		8FA827741FA1FA32002D59A5 /* 头部-返回.png */ = {isa = PBXFileReference; lastKnownFileType = image.png; path = "头部-返回.png"; sourceTree = "<group>"; };
		8FA827751FA1FA32002D59A5 /* 选择员工-默认头像92.png */ = {isa = PBXFileReference; lastKnownFileType = image.png; path = "选择员工-默认头像92.png"; sourceTree = "<group>"; };
		8FA827951FA1FD0D002D59A5 /* KX_AddressVC.swift */ = {isa = PBXFileReference; fileEncoding = 4; lastKnownFileType = sourcecode.swift; path = KX_AddressVC.swift; sourceTree = "<group>"; };
		8FA827AB1FA1FE30002D59A5 /* KX_WorkVC.swift */ = {isa = PBXFileReference; lastKnownFileType = sourcecode.swift; path = KX_WorkVC.swift; sourceTree = "<group>"; };
		8FA827AD1FA1FE40002D59A5 /* KX_MeViewController.swift */ = {isa = PBXFileReference; lastKnownFileType = sourcecode.swift; path = KX_MeViewController.swift; sourceTree = "<group>"; };
		8FA827B01FA205A0002D59A5 /* FK_RequestTool.swift */ = {isa = PBXFileReference; lastKnownFileType = sourcecode.swift; path = FK_RequestTool.swift; sourceTree = "<group>"; };
		8FAB1BA21FC44A1D00B10F53 /* KX_MessageVC.swift */ = {isa = PBXFileReference; lastKnownFileType = sourcecode.swift; path = KX_MessageVC.swift; sourceTree = "<group>"; };
		8FAB1BA41FC58FA500B10F53 /* KX_LogCell.swift */ = {isa = PBXFileReference; lastKnownFileType = sourcecode.swift; path = KX_LogCell.swift; sourceTree = "<group>"; };
		8FCD6A3C1FBB141F0092C793 /* FK_LogModel.swift */ = {isa = PBXFileReference; lastKnownFileType = sourcecode.swift; path = FK_LogModel.swift; sourceTree = "<group>"; };
		8FCD6A3E1FBB142F0092C793 /* KX_LogVModel.swift */ = {isa = PBXFileReference; lastKnownFileType = sourcecode.swift; path = KX_LogVModel.swift; sourceTree = "<group>"; };
		8FCD6A441FBB19850092C793 /* WHC_Frame.swift */ = {isa = PBXFileReference; fileEncoding = 4; lastKnownFileType = sourcecode.swift; path = WHC_Frame.swift; sourceTree = "<group>"; };
		8FCD6A451FBB19850092C793 /* WHC_StackView.swift */ = {isa = PBXFileReference; fileEncoding = 4; lastKnownFileType = sourcecode.swift; path = WHC_StackView.swift; sourceTree = "<group>"; };
		8FCD6A461FBB19850092C793 /* WHC_AutoLayout.swift */ = {isa = PBXFileReference; fileEncoding = 4; lastKnownFileType = sourcecode.swift; path = WHC_AutoLayout.swift; sourceTree = "<group>"; };
		8FCD6A471FBB19850092C793 /* WHC_AutoCellHeight.swift */ = {isa = PBXFileReference; fileEncoding = 4; lastKnownFileType = sourcecode.swift; path = WHC_AutoCellHeight.swift; sourceTree = "<group>"; };
		8FD2AAED1FA9E37B00AE3203 /* FK_NSStringExtension.h */ = {isa = PBXFileReference; lastKnownFileType = sourcecode.c.h; path = FK_NSStringExtension.h; sourceTree = "<group>"; };
		8FD2AAEF1FA9E45C00AE3203 /* FK_UIDeviceExtension.swift */ = {isa = PBXFileReference; lastKnownFileType = sourcecode.swift; path = FK_UIDeviceExtension.swift; sourceTree = "<group>"; };
		B15103C2A0BD650C29607461 /* Pods-KUAIXIAO_SwiftTests.debug.xcconfig */ = {isa = PBXFileReference; includeInIndex = 1; lastKnownFileType = text.xcconfig; name = "Pods-KUAIXIAO_SwiftTests.debug.xcconfig"; path = "Pods/Target Support Files/Pods-KUAIXIAO_SwiftTests/Pods-KUAIXIAO_SwiftTests.debug.xcconfig"; sourceTree = "<group>"; };
		C150567BC2680A67054ADC8E /* Pods_KUAIXIAO_SwiftUITests.framework */ = {isa = PBXFileReference; explicitFileType = wrapper.framework; includeInIndex = 0; path = Pods_KUAIXIAO_SwiftUITests.framework; sourceTree = BUILT_PRODUCTS_DIR; };
		C2BA93EB9F38C110E52B9851 /* Pods-KUAIXIAO_SwiftUITests.release.xcconfig */ = {isa = PBXFileReference; includeInIndex = 1; lastKnownFileType = text.xcconfig; name = "Pods-KUAIXIAO_SwiftUITests.release.xcconfig"; path = "Pods/Target Support Files/Pods-KUAIXIAO_SwiftUITests/Pods-KUAIXIAO_SwiftUITests.release.xcconfig"; sourceTree = "<group>"; };
		C8A0AB21562ECF5E6CFEECB6 /* Pods-KUAIXIAO_Swift.debug.xcconfig */ = {isa = PBXFileReference; includeInIndex = 1; lastKnownFileType = text.xcconfig; name = "Pods-KUAIXIAO_Swift.debug.xcconfig"; path = "Pods/Target Support Files/Pods-KUAIXIAO_Swift/Pods-KUAIXIAO_Swift.debug.xcconfig"; sourceTree = "<group>"; };
		EA3F080C43B8AB0ACB67D970 /* Pods-KUAIXIAO_SwiftUITests.debug.xcconfig */ = {isa = PBXFileReference; includeInIndex = 1; lastKnownFileType = text.xcconfig; name = "Pods-KUAIXIAO_SwiftUITests.debug.xcconfig"; path = "Pods/Target Support Files/Pods-KUAIXIAO_SwiftUITests/Pods-KUAIXIAO_SwiftUITests.debug.xcconfig"; sourceTree = "<group>"; };
		F14988DE91CD1598CC7D74FF /* Pods_KUAIXIAO_Swift.framework */ = {isa = PBXFileReference; explicitFileType = wrapper.framework; includeInIndex = 0; path = Pods_KUAIXIAO_Swift.framework; sourceTree = BUILT_PRODUCTS_DIR; };
/* End PBXFileReference section */

/* Begin PBXFrameworksBuildPhase section */
		3EA5EE331F98C04B00606053 /* Frameworks */ = {
			isa = PBXFrameworksBuildPhase;
			buildActionMask = 2147483647;
			files = (
				8F7A7BEF1FA74337008E7E0B /* DZNEmptyDataSet.framework in Frameworks */,
				8F7A7BF01FA74337008E7E0B /* FillableLoaders.framework in Frameworks */,
				8F7A7BF11FA74337008E7E0B /* Onboard.framework in Frameworks */,
				8F7A7BF21FA74337008E7E0B /* RAMAnimatedTabBarController.framework in Frameworks */,
				8F7A7BF31FA74337008E7E0B /* Reachability.framework in Frameworks */,
				8F7A7BF41FA74337008E7E0B /* SJProgressHUD.framework in Frameworks */,
				8F7A7BED1FA74322008E7E0B /* Alamofire.framework in Frameworks */,
				C1D327906FC636EB2FDAE437 /* Pods_KUAIXIAO_Swift.framework in Frameworks */,
			);
			runOnlyForDeploymentPostprocessing = 0;
		};
		3EA5EE471F98C04B00606053 /* Frameworks */ = {
			isa = PBXFrameworksBuildPhase;
			buildActionMask = 2147483647;
			files = (
				1652AA1F8FFE8FEFF43E071A /* Pods_KUAIXIAO_SwiftTests.framework in Frameworks */,
			);
			runOnlyForDeploymentPostprocessing = 0;
		};
		3EA5EE521F98C04B00606053 /* Frameworks */ = {
			isa = PBXFrameworksBuildPhase;
			buildActionMask = 2147483647;
			files = (
				07A804B9A79CC563A81700E5 /* Pods_KUAIXIAO_SwiftUITests.framework in Frameworks */,
			);
			runOnlyForDeploymentPostprocessing = 0;
		};
/* End PBXFrameworksBuildPhase section */

/* Begin PBXGroup section */
		3EA5EE2D1F98C04A00606053 = {
			isa = PBXGroup;
			children = (
				3EA5EE381F98C04B00606053 /* KUAIXIAO_Swift */,
				3EA5EE4D1F98C04B00606053 /* KUAIXIAO_SwiftTests */,
				3EA5EE581F98C04B00606053 /* KUAIXIAO_SwiftUITests */,
				3EA5EE371F98C04B00606053 /* Products */,
				41874C9749A1C91A0B89FF5B /* Pods */,
				893C7A7FF4AE80FCFBC44BB7 /* Frameworks */,
			);
			sourceTree = "<group>";
		};
		3EA5EE371F98C04B00606053 /* Products */ = {
			isa = PBXGroup;
			children = (
				3EA5EE361F98C04B00606053 /* KUAIXIAO_Swift.app */,
				3EA5EE4A1F98C04B00606053 /* KUAIXIAO_SwiftTests.xctest */,
				3EA5EE551F98C04B00606053 /* KUAIXIAO_SwiftUITests.xctest */,
			);
			name = Products;
			sourceTree = "<group>";
		};
		3EA5EE381F98C04B00606053 /* KUAIXIAO_Swift */ = {
			isa = PBXGroup;
			children = (
				3EA5EE391F98C04B00606053 /* AppDelegate.swift */,
				8F7A7BEB1FA73CC7008E7E0B /* mac.swift */,
				3EA5EE451F98C04B00606053 /* Info.plist */,
				8FA827AF1FA20588002D59A5 /* FK_RequestTool */,
				8FCD6A421FBB19850092C793 /* Vender */,
				3EFDE4061F98C6B100810993 /* Class */,
				8FD2AAEA1FA9E2B900AE3203 /* Tool */,
				8FA827561FA1FA32002D59A5 /* resources */,
				3EFDE4131F98C7E700810993 /* Other */,
			);
			path = KUAIXIAO_Swift;
			sourceTree = "<group>";
		};
		3EA5EE4D1F98C04B00606053 /* KUAIXIAO_SwiftTests */ = {
			isa = PBXGroup;
			children = (
				3EA5EE4E1F98C04B00606053 /* KUAIXIAO_SwiftTests.swift */,
				3EA5EE501F98C04B00606053 /* Info.plist */,
			);
			path = KUAIXIAO_SwiftTests;
			sourceTree = "<group>";
		};
		3EA5EE581F98C04B00606053 /* KUAIXIAO_SwiftUITests */ = {
			isa = PBXGroup;
			children = (
				3EA5EE591F98C04B00606053 /* KUAIXIAO_SwiftUITests.swift */,
				3EA5EE5B1F98C04B00606053 /* Info.plist */,
			);
			path = KUAIXIAO_SwiftUITests;
			sourceTree = "<group>";
		};
		3EFDE3FF1F98C66900810993 /* KUAIXIAO_SwiftTests */ = {
			isa = PBXGroup;
			children = (
				3EFDE4001F98C66900810993 /* Info.plist */,
				3EFDE4011F98C66900810993 /* KUAIXIAO_SwiftTests.swift */,
			);
			path = KUAIXIAO_SwiftTests;
			sourceTree = "<group>";
		};
		3EFDE4021F98C66900810993 /* KUAIXIAO_SwiftUITests */ = {
			isa = PBXGroup;
			children = (
				3EFDE4031F98C66900810993 /* Info.plist */,
				3EFDE4041F98C66900810993 /* KUAIXIAO_SwiftUITests.swift */,
			);
			path = KUAIXIAO_SwiftUITests;
			sourceTree = "<group>";
		};
		3EFDE4061F98C6B100810993 /* Class */ = {
			isa = PBXGroup;
			children = (
				8FA8279F1FA1FD1B002D59A5 /* Me */,
				8FA827A41FA1FD1B002D59A5 /* Message */,
				8FA8279A1FA1FD1B002D59A5 /* Work */,
				8FA827511FA1F80B002D59A5 /* MainVC */,
				3EFDE40D1F98C74F00810993 /* Login */,
				3EFDE40B1F98C70C00810993 /* Address */,
			);
			path = Class;
			sourceTree = "<group>";
		};
		3EFDE40B1F98C70C00810993 /* Address */ = {
			isa = PBXGroup;
			children = (
				8FA827971FA1FD0D002D59A5 /* Models */,
				8FA827941FA1FD0D002D59A5 /* VCs */,
				8FA827981FA1FD0D002D59A5 /* Views */,
				8FA827961FA1FD0D002D59A5 /* VModels */,
			);
			path = Address;
			sourceTree = "<group>";
		};
		3EFDE40D1F98C74F00810993 /* Login */ = {
			isa = PBXGroup;
			children = (
				3EFDE40E1F98C79200810993 /* KX_LoginVC.swift */,
				3EFDE40F1F98C79200810993 /* KX_LoginVC.xib */,
			);
			path = Login;
			sourceTree = "<group>";
		};
		3EFDE4131F98C7E700810993 /* Other */ = {
			isa = PBXGroup;
			children = (
				3EA5EE3D1F98C04B00606053 /* Main.storyboard */,
				3EA5EE401F98C04B00606053 /* Assets.xcassets */,
				3EA5EE421F98C04B00606053 /* LaunchScreen.storyboard */,
			);
			path = Other;
			sourceTree = "<group>";
		};
		41874C9749A1C91A0B89FF5B /* Pods */ = {
			isa = PBXGroup;
			children = (
				C8A0AB21562ECF5E6CFEECB6 /* Pods-KUAIXIAO_Swift.debug.xcconfig */,
				623AA3B6E079C6D2E6CCD90E /* Pods-KUAIXIAO_Swift.release.xcconfig */,
				B15103C2A0BD650C29607461 /* Pods-KUAIXIAO_SwiftTests.debug.xcconfig */,
				70DE7A274C49B7336040A5A9 /* Pods-KUAIXIAO_SwiftTests.release.xcconfig */,
				EA3F080C43B8AB0ACB67D970 /* Pods-KUAIXIAO_SwiftUITests.debug.xcconfig */,
				C2BA93EB9F38C110E52B9851 /* Pods-KUAIXIAO_SwiftUITests.release.xcconfig */,
			);
			name = Pods;
			sourceTree = "<group>";
		};
		893C7A7FF4AE80FCFBC44BB7 /* Frameworks */ = {
			isa = PBXGroup;
			children = (
				8F7A7BF51FA74337008E7E0B /* DZNEmptyDataSet.framework */,
				8F7A7BF61FA74337008E7E0B /* FillableLoaders.framework */,
				8F7A7BF71FA74337008E7E0B /* Onboard.framework */,
				8F7A7BF81FA74337008E7E0B /* RAMAnimatedTabBarController.framework */,
				8F7A7BF91FA74337008E7E0B /* Reachability.framework */,
				8F7A7BFA1FA74337008E7E0B /* SJProgressHUD.framework */,
				8F7A7BEE1FA74322008E7E0B /* Alamofire.framework */,
				3EFDE3FF1F98C66900810993 /* KUAIXIAO_SwiftTests */,
				3EFDE4021F98C66900810993 /* KUAIXIAO_SwiftUITests */,
				F14988DE91CD1598CC7D74FF /* Pods_KUAIXIAO_Swift.framework */,
				83B1910C7B59B33A427E84C7 /* Pods_KUAIXIAO_SwiftTests.framework */,
				C150567BC2680A67054ADC8E /* Pods_KUAIXIAO_SwiftUITests.framework */,
			);
			name = Frameworks;
			sourceTree = "<group>";
		};
		8FA827511FA1F80B002D59A5 /* MainVC */ = {
			isa = PBXGroup;
			children = (
				8FA827521FA1F864002D59A5 /* KX_MainTabBarVC.swift */,
			);
			path = MainVC;
			sourceTree = "<group>";
		};
		8FA827561FA1FA32002D59A5 /* resources */ = {
			isa = PBXGroup;
			children = (
				8FA827571FA1FA32002D59A5 /* 公共图标 */,
			);
			path = resources;
			sourceTree = "<group>";
		};
		8FA827571FA1FA32002D59A5 /* 公共图标 */ = {
			isa = PBXGroup;
			children = (
				8FA827581FA1FA32002D59A5 /* 向右.png */,
				8FA827591FA1FA32002D59A5 /* 赞过回复的人60.png */,
				8FA8275A1FA1FA32002D59A5 /* 750-128.jpg */,
				8FA8275B1FA1FA32002D59A5 /* 底部-我.png */,
				8FA8275C1FA1FA32002D59A5 /* 选择-1.png */,
				8FA8275D1FA1FA32002D59A5 /* 底部-我-1.png */,
				8FA8275E1FA1FA32002D59A5 /* 750-128-1.png */,
				8FA8275F1FA1FA32002D59A5 /* 个人资料-默认图像120.png */,
				8FA827601FA1FA32002D59A5 /* 筛选.png */,
				8FA827611FA1FA32002D59A5 /* 筛选-选中.png */,
				8FA827621FA1FA32002D59A5 /* 底部-消息.png */,
				8FA827631FA1FA32002D59A5 /* 原图选择-1.png */,
				8FA827641FA1FA32002D59A5 /* 日志默认头像72.png */,
				8FA827651FA1FA32002D59A5 /* 搜索.png */,
				8FA827661FA1FA32002D59A5 /* 修改密码.png */,
				8FA827671FA1FA32002D59A5 /* 选择.png */,
				8FA827681FA1FA32002D59A5 /* 底部-工作-1.png */,
				8FA827691FA1FA32002D59A5 /* 搜索 (2).png */,
				8FA8276A1FA1FA32002D59A5 /* 底部-应用.png */,
				8FA8276B1FA1FA32002D59A5 /* 圆角矩形-1.9.png */,
				8FA8276C1FA1FA32002D59A5 /* 向下.png */,
				8FA8276D1FA1FA32002D59A5 /* 原图选择.png */,
				8FA8276E1FA1FA32002D59A5 /* 向上.jpg */,
				8FA8276F1FA1FA32002D59A5 /* 底部-消息-1.png */,
				8FA827701FA1FA32002D59A5 /* 底部-工作.png */,
				8FA827711FA1FA32002D59A5 /* 修改密码-1.png */,
				8FA827721FA1FA32002D59A5 /* 添加.png */,
				8FA827731FA1FA32002D59A5 /* 底部-应用-1.png */,
				8FA827741FA1FA32002D59A5 /* 头部-返回.png */,
				8FA827751FA1FA32002D59A5 /* 选择员工-默认头像92.png */,
			);
			path = "公共图标";
			sourceTree = "<group>";
		};
		8FA827941FA1FD0D002D59A5 /* VCs */ = {
			isa = PBXGroup;
			children = (
				8FA827951FA1FD0D002D59A5 /* KX_AddressVC.swift */,
			);
			path = VCs;
			sourceTree = "<group>";
		};
		8FA827961FA1FD0D002D59A5 /* VModels */ = {
			isa = PBXGroup;
			children = (
			);
			path = VModels;
			sourceTree = "<group>";
		};
		8FA827971FA1FD0D002D59A5 /* Models */ = {
			isa = PBXGroup;
			children = (
			);
			path = Models;
			sourceTree = "<group>";
		};
		8FA827981FA1FD0D002D59A5 /* Views */ = {
			isa = PBXGroup;
			children = (
			);
			path = Views;
			sourceTree = "<group>";
		};
		8FA8279A1FA1FD1B002D59A5 /* Work */ = {
			isa = PBXGroup;
			children = (
				8FA8279B1FA1FD1B002D59A5 /* VModels */,
				8FA8279C1FA1FD1B002D59A5 /* Models */,
				8FA8279D1FA1FD1B002D59A5 /* VCs */,
				8FA8279E1FA1FD1B002D59A5 /* Views */,
			);
			path = Work;
			sourceTree = "<group>";
		};
		8FA8279B1FA1FD1B002D59A5 /* VModels */ = {
			isa = PBXGroup;
			children = (
			);
			path = VModels;
			sourceTree = "<group>";
		};
		8FA8279C1FA1FD1B002D59A5 /* Models */ = {
			isa = PBXGroup;
			children = (
			);
			path = Models;
			sourceTree = "<group>";
		};
		8FA8279D1FA1FD1B002D59A5 /* VCs */ = {
			isa = PBXGroup;
			children = (
				8FA827AB1FA1FE30002D59A5 /* KX_WorkVC.swift */,
			);
			path = VCs;
			sourceTree = "<group>";
		};
		8FA8279E1FA1FD1B002D59A5 /* Views */ = {
			isa = PBXGroup;
			children = (
				8FAB1BA41FC58FA500B10F53 /* KX_LogCell.swift */,
				8F372BF81FCD82A200C5410B /* KX_ContentDetailView.swift */,
			);
			path = Views;
			sourceTree = "<group>";
		};
		8FA8279F1FA1FD1B002D59A5 /* Me */ = {
			isa = PBXGroup;
			children = (
				8FA827A01FA1FD1B002D59A5 /* VModels */,
				8FA827A11FA1FD1B002D59A5 /* Models */,
				8FA827A21FA1FD1B002D59A5 /* VCs */,
				8FA827A31FA1FD1B002D59A5 /* Views */,
			);
			path = Me;
			sourceTree = "<group>";
		};
		8FA827A01FA1FD1B002D59A5 /* VModels */ = {
			isa = PBXGroup;
			children = (
			);
			path = VModels;
			sourceTree = "<group>";
		};
		8FA827A11FA1FD1B002D59A5 /* Models */ = {
			isa = PBXGroup;
			children = (
			);
			path = Models;
			sourceTree = "<group>";
		};
		8FA827A21FA1FD1B002D59A5 /* VCs */ = {
			isa = PBXGroup;
			children = (
				8FA827AD1FA1FE40002D59A5 /* KX_MeViewController.swift */,
			);
			path = VCs;
			sourceTree = "<group>";
		};
		8FA827A31FA1FD1B002D59A5 /* Views */ = {
			isa = PBXGroup;
			children = (
			);
			path = Views;
			sourceTree = "<group>";
		};
		8FA827A41FA1FD1B002D59A5 /* Message */ = {
			isa = PBXGroup;
			children = (
				8FA827A51FA1FD1B002D59A5 /* VModels */,
				8FA827A61FA1FD1B002D59A5 /* Models */,
				8FA827A71FA1FD1B002D59A5 /* VCs */,
				8FA827A81FA1FD1B002D59A5 /* Views */,
			);
			path = Message;
			sourceTree = "<group>";
		};
		8FA827A51FA1FD1B002D59A5 /* VModels */ = {
			isa = PBXGroup;
			children = (
				8FCD6A3E1FBB142F0092C793 /* KX_LogVModel.swift */,
			);
			path = VModels;
			sourceTree = "<group>";
		};
		8FA827A61FA1FD1B002D59A5 /* Models */ = {
			isa = PBXGroup;
			children = (
				8FCD6A3C1FBB141F0092C793 /* FK_LogModel.swift */,
			);
			path = Models;
			sourceTree = "<group>";
		};
		8FA827A71FA1FD1B002D59A5 /* VCs */ = {
			isa = PBXGroup;
			children = (
				8FAB1BA21FC44A1D00B10F53 /* KX_MessageVC.swift */,
			);
			path = VCs;
			sourceTree = "<group>";
		};
		8FA827A81FA1FD1B002D59A5 /* Views */ = {
			isa = PBXGroup;
			children = (
			);
			path = Views;
			sourceTree = "<group>";
		};
		8FA827AF1FA20588002D59A5 /* FK_RequestTool */ = {
			isa = PBXGroup;
			children = (
				8FA827B01FA205A0002D59A5 /* FK_RequestTool.swift */,
			);
			path = FK_RequestTool;
			sourceTree = "<group>";
		};
		8FCD6A421FBB19850092C793 /* Vender */ = {
			isa = PBXGroup;
			children = (
				8FCD6A431FBB19850092C793 /* WHC_LayoutKit */,
			);
			path = Vender;
			sourceTree = "<group>";
		};
		8FCD6A431FBB19850092C793 /* WHC_LayoutKit */ = {
			isa = PBXGroup;
			children = (
				8FCD6A441FBB19850092C793 /* WHC_Frame.swift */,
				8FCD6A451FBB19850092C793 /* WHC_StackView.swift */,
				8FCD6A461FBB19850092C793 /* WHC_AutoLayout.swift */,
				8FCD6A471FBB19850092C793 /* WHC_AutoCellHeight.swift */,
			);
			path = WHC_LayoutKit;
			sourceTree = "<group>";
		};
		8FD2AAEA1FA9E2B900AE3203 /* Tool */ = {
			isa = PBXGroup;
			children = (
				8FD2AAED1FA9E37B00AE3203 /* FK_NSStringExtension.h */,
				8FD2AAEF1FA9E45C00AE3203 /* FK_UIDeviceExtension.swift */,
				8F6248D31FB1D70800D73135 /* KX_UserInfo.swift */,
			);
			path = Tool;
			sourceTree = "<group>";
		};
/* End PBXGroup section */

/* Begin PBXNativeTarget section */
		3EA5EE351F98C04B00606053 /* KUAIXIAO_Swift */ = {
			isa = PBXNativeTarget;
			buildConfigurationList = 3EA5EE5E1F98C04B00606053 /* Build configuration list for PBXNativeTarget "KUAIXIAO_Swift" */;
			buildPhases = (
				10FEE74095BE62B1028F63EF /* [CP] Check Pods Manifest.lock */,
				3EA5EE321F98C04B00606053 /* Sources */,
				3EA5EE331F98C04B00606053 /* Frameworks */,
				3EA5EE341F98C04B00606053 /* Resources */,
				BA92A5355657D496E8FC0AB6 /* [CP] Embed Pods Frameworks */,
				B3FD2299AC130071C6F55E56 /* [CP] Copy Pods Resources */,
			);
			buildRules = (
			);
			dependencies = (
			);
			name = KUAIXIAO_Swift;
			productName = KUAIXIAO_Swift;
			productReference = 3EA5EE361F98C04B00606053 /* KUAIXIAO_Swift.app */;
			productType = "com.apple.product-type.application";
		};
		3EA5EE491F98C04B00606053 /* KUAIXIAO_SwiftTests */ = {
			isa = PBXNativeTarget;
			buildConfigurationList = 3EA5EE611F98C04B00606053 /* Build configuration list for PBXNativeTarget "KUAIXIAO_SwiftTests" */;
			buildPhases = (
				4B184F9E26FBF9C14A300B2D /* [CP] Check Pods Manifest.lock */,
				3EA5EE461F98C04B00606053 /* Sources */,
				3EA5EE471F98C04B00606053 /* Frameworks */,
				3EA5EE481F98C04B00606053 /* Resources */,
				D0F23738C5F90048D4AA78ED /* [CP] Embed Pods Frameworks */,
				4EB87658E2D07B8072D36EDB /* [CP] Copy Pods Resources */,
			);
			buildRules = (
			);
			dependencies = (
				3EA5EE4C1F98C04B00606053 /* PBXTargetDependency */,
			);
			name = KUAIXIAO_SwiftTests;
			productName = KUAIXIAO_SwiftTests;
			productReference = 3EA5EE4A1F98C04B00606053 /* KUAIXIAO_SwiftTests.xctest */;
			productType = "com.apple.product-type.bundle.unit-test";
		};
		3EA5EE541F98C04B00606053 /* KUAIXIAO_SwiftUITests */ = {
			isa = PBXNativeTarget;
			buildConfigurationList = 3EA5EE641F98C04B00606053 /* Build configuration list for PBXNativeTarget "KUAIXIAO_SwiftUITests" */;
			buildPhases = (
				1BFDFCD4843488A01867AC4C /* [CP] Check Pods Manifest.lock */,
				3EA5EE511F98C04B00606053 /* Sources */,
				3EA5EE521F98C04B00606053 /* Frameworks */,
				3EA5EE531F98C04B00606053 /* Resources */,
				77765F34484D630EE9F4A38A /* [CP] Embed Pods Frameworks */,
				BE18F11612359FA0AA899E18 /* [CP] Copy Pods Resources */,
			);
			buildRules = (
			);
			dependencies = (
				3EA5EE571F98C04B00606053 /* PBXTargetDependency */,
			);
			name = KUAIXIAO_SwiftUITests;
			productName = KUAIXIAO_SwiftUITests;
			productReference = 3EA5EE551F98C04B00606053 /* KUAIXIAO_SwiftUITests.xctest */;
			productType = "com.apple.product-type.bundle.ui-testing";
		};
/* End PBXNativeTarget section */

/* Begin PBXProject section */
		3EA5EE2E1F98C04B00606053 /* Project object */ = {
			isa = PBXProject;
			attributes = {
				CLASSPREFIX = KX_;
				LastSwiftUpdateCheck = 0900;
				LastUpgradeCheck = 0900;
				ORGANIZATIONNAME = Faker;
				TargetAttributes = {
					3EA5EE351F98C04B00606053 = {
						CreatedOnToolsVersion = 9.0;
						ProvisioningStyle = Automatic;
					};
					3EA5EE491F98C04B00606053 = {
						CreatedOnToolsVersion = 9.0;
						ProvisioningStyle = Automatic;
						TestTargetID = 3EA5EE351F98C04B00606053;
					};
					3EA5EE541F98C04B00606053 = {
						CreatedOnToolsVersion = 9.0;
						ProvisioningStyle = Automatic;
						TestTargetID = 3EA5EE351F98C04B00606053;
					};
				};
			};
			buildConfigurationList = 3EA5EE311F98C04B00606053 /* Build configuration list for PBXProject "KUAIXIAO_Swift" */;
			compatibilityVersion = "Xcode 8.0";
			developmentRegion = en;
			hasScannedForEncodings = 0;
			knownRegions = (
				en,
				Base,
			);
			mainGroup = 3EA5EE2D1F98C04A00606053;
			productRefGroup = 3EA5EE371F98C04B00606053 /* Products */;
			projectDirPath = "";
			projectRoot = "";
			targets = (
				3EA5EE351F98C04B00606053 /* KUAIXIAO_Swift */,
				3EA5EE491F98C04B00606053 /* KUAIXIAO_SwiftTests */,
				3EA5EE541F98C04B00606053 /* KUAIXIAO_SwiftUITests */,
			);
		};
/* End PBXProject section */

/* Begin PBXResourcesBuildPhase section */
		3EA5EE341F98C04B00606053 /* Resources */ = {
			isa = PBXResourcesBuildPhase;
			buildActionMask = 2147483647;
			files = (
				8FA8278A1FA1FA32002D59A5 /* 向下.png in Resources */,
				8FA8277E1FA1FA32002D59A5 /* 筛选.png in Resources */,
				8FA827911FA1FA32002D59A5 /* 底部-应用-1.png in Resources */,
				8FA827921FA1FA32002D59A5 /* 头部-返回.png in Resources */,
				8FA827931FA1FA32002D59A5 /* 选择员工-默认头像92.png in Resources */,
				8FA827761FA1FA32002D59A5 /* 向右.png in Resources */,
				8FA827801FA1FA32002D59A5 /* 底部-消息.png in Resources */,
				8FA8278B1FA1FA32002D59A5 /* 原图选择.png in Resources */,
				8FA8278D1FA1FA32002D59A5 /* 底部-消息-1.png in Resources */,
				3EA5EE441F98C04B00606053 /* LaunchScreen.storyboard in Resources */,
				8FA8277F1FA1FA32002D59A5 /* 筛选-选中.png in Resources */,
				8FA827831FA1FA32002D59A5 /* 搜索.png in Resources */,
				8FA8277B1FA1FA32002D59A5 /* 底部-我-1.png in Resources */,
				8FA827881FA1FA32002D59A5 /* 底部-应用.png in Resources */,
				8FA827901FA1FA32002D59A5 /* 添加.png in Resources */,
				3EA5EE411F98C04B00606053 /* Assets.xcassets in Resources */,
				8FA827771FA1FA32002D59A5 /* 赞过回复的人60.png in Resources */,
				8FA8278F1FA1FA32002D59A5 /* 修改密码-1.png in Resources */,
				3EA5EE3F1F98C04B00606053 /* Main.storyboard in Resources */,
				8FA8277C1FA1FA32002D59A5 /* 750-128-1.png in Resources */,
				8FA827811FA1FA32002D59A5 /* 原图选择-1.png in Resources */,
				8FA827861FA1FA32002D59A5 /* 底部-工作-1.png in Resources */,
				8FA8278E1FA1FA32002D59A5 /* 底部-工作.png in Resources */,
				8FA827781FA1FA32002D59A5 /* 750-128.jpg in Resources */,
				8FA827891FA1FA32002D59A5 /* 圆角矩形-1.9.png in Resources */,
				8FA827791FA1FA32002D59A5 /* 底部-我.png in Resources */,
				8FA8277D1FA1FA32002D59A5 /* 个人资料-默认图像120.png in Resources */,
				8FA8278C1FA1FA32002D59A5 /* 向上.jpg in Resources */,
				8FA827851FA1FA32002D59A5 /* 选择.png in Resources */,
				8FA827821FA1FA32002D59A5 /* 日志默认头像72.png in Resources */,
				8FA827871FA1FA32002D59A5 /* 搜索 (2).png in Resources */,
				3EFDE4111F98C79200810993 /* KX_LoginVC.xib in Resources */,
				8FA8277A1FA1FA32002D59A5 /* 选择-1.png in Resources */,
				8FA827841FA1FA32002D59A5 /* 修改密码.png in Resources */,
			);
			runOnlyForDeploymentPostprocessing = 0;
		};
		3EA5EE481F98C04B00606053 /* Resources */ = {
			isa = PBXResourcesBuildPhase;
			buildActionMask = 2147483647;
			files = (
			);
			runOnlyForDeploymentPostprocessing = 0;
		};
		3EA5EE531F98C04B00606053 /* Resources */ = {
			isa = PBXResourcesBuildPhase;
			buildActionMask = 2147483647;
			files = (
			);
			runOnlyForDeploymentPostprocessing = 0;
		};
/* End PBXResourcesBuildPhase section */

/* Begin PBXShellScriptBuildPhase section */
		10FEE74095BE62B1028F63EF /* [CP] Check Pods Manifest.lock */ = {
			isa = PBXShellScriptBuildPhase;
			buildActionMask = 2147483647;
			files = (
			);
			inputPaths = (
				"${PODS_PODFILE_DIR_PATH}/Podfile.lock",
				"${PODS_ROOT}/Manifest.lock",
			);
			name = "[CP] Check Pods Manifest.lock";
			outputPaths = (
				"$(DERIVED_FILE_DIR)/Pods-KUAIXIAO_Swift-checkManifestLockResult.txt",
			);
			runOnlyForDeploymentPostprocessing = 0;
			shellPath = /bin/sh;
			shellScript = "diff \"${PODS_PODFILE_DIR_PATH}/Podfile.lock\" \"${PODS_ROOT}/Manifest.lock\" > /dev/null\nif [ $? != 0 ] ; then\n    # print error to STDERR\n    echo \"error: The sandbox is not in sync with the Podfile.lock. Run 'pod install' or update your CocoaPods installation.\" >&2\n    exit 1\nfi\n# This output is used by Xcode 'outputs' to avoid re-running this script phase.\necho \"SUCCESS\" > \"${SCRIPT_OUTPUT_FILE_0}\"\n";
			showEnvVarsInLog = 0;
		};
		1BFDFCD4843488A01867AC4C /* [CP] Check Pods Manifest.lock */ = {
			isa = PBXShellScriptBuildPhase;
			buildActionMask = 2147483647;
			files = (
			);
			inputPaths = (
				"${PODS_PODFILE_DIR_PATH}/Podfile.lock",
				"${PODS_ROOT}/Manifest.lock",
			);
			name = "[CP] Check Pods Manifest.lock";
			outputPaths = (
				"$(DERIVED_FILE_DIR)/Pods-KUAIXIAO_SwiftUITests-checkManifestLockResult.txt",
			);
			runOnlyForDeploymentPostprocessing = 0;
			shellPath = /bin/sh;
			shellScript = "diff \"${PODS_PODFILE_DIR_PATH}/Podfile.lock\" \"${PODS_ROOT}/Manifest.lock\" > /dev/null\nif [ $? != 0 ] ; then\n    # print error to STDERR\n    echo \"error: The sandbox is not in sync with the Podfile.lock. Run 'pod install' or update your CocoaPods installation.\" >&2\n    exit 1\nfi\n# This output is used by Xcode 'outputs' to avoid re-running this script phase.\necho \"SUCCESS\" > \"${SCRIPT_OUTPUT_FILE_0}\"\n";
			showEnvVarsInLog = 0;
		};
		4B184F9E26FBF9C14A300B2D /* [CP] Check Pods Manifest.lock */ = {
			isa = PBXShellScriptBuildPhase;
			buildActionMask = 2147483647;
			files = (
			);
			inputPaths = (
				"${PODS_PODFILE_DIR_PATH}/Podfile.lock",
				"${PODS_ROOT}/Manifest.lock",
			);
			name = "[CP] Check Pods Manifest.lock";
			outputPaths = (
				"$(DERIVED_FILE_DIR)/Pods-KUAIXIAO_SwiftTests-checkManifestLockResult.txt",
			);
			runOnlyForDeploymentPostprocessing = 0;
			shellPath = /bin/sh;
			shellScript = "diff \"${PODS_PODFILE_DIR_PATH}/Podfile.lock\" \"${PODS_ROOT}/Manifest.lock\" > /dev/null\nif [ $? != 0 ] ; then\n    # print error to STDERR\n    echo \"error: The sandbox is not in sync with the Podfile.lock. Run 'pod install' or update your CocoaPods installation.\" >&2\n    exit 1\nfi\n# This output is used by Xcode 'outputs' to avoid re-running this script phase.\necho \"SUCCESS\" > \"${SCRIPT_OUTPUT_FILE_0}\"\n";
			showEnvVarsInLog = 0;
		};
		4EB87658E2D07B8072D36EDB /* [CP] Copy Pods Resources */ = {
			isa = PBXShellScriptBuildPhase;
			buildActionMask = 2147483647;
			files = (
			);
			inputPaths = (
			);
			name = "[CP] Copy Pods Resources";
			outputPaths = (
			);
			runOnlyForDeploymentPostprocessing = 0;
			shellPath = /bin/sh;
			shellScript = "\"${SRCROOT}/Pods/Target Support Files/Pods-KUAIXIAO_SwiftTests/Pods-KUAIXIAO_SwiftTests-resources.sh\"\n";
			showEnvVarsInLog = 0;
		};
		77765F34484D630EE9F4A38A /* [CP] Embed Pods Frameworks */ = {
			isa = PBXShellScriptBuildPhase;
			buildActionMask = 2147483647;
			files = (
			);
			inputPaths = (
			);
			name = "[CP] Embed Pods Frameworks";
			outputPaths = (
			);
			runOnlyForDeploymentPostprocessing = 0;
			shellPath = /bin/sh;
			shellScript = "\"${SRCROOT}/Pods/Target Support Files/Pods-KUAIXIAO_SwiftUITests/Pods-KUAIXIAO_SwiftUITests-frameworks.sh\"\n";
			showEnvVarsInLog = 0;
		};
		B3FD2299AC130071C6F55E56 /* [CP] Copy Pods Resources */ = {
			isa = PBXShellScriptBuildPhase;
			buildActionMask = 2147483647;
			files = (
			);
			inputPaths = (
			);
			name = "[CP] Copy Pods Resources";
			outputPaths = (
			);
			runOnlyForDeploymentPostprocessing = 0;
			shellPath = /bin/sh;
			shellScript = "\"${SRCROOT}/Pods/Target Support Files/Pods-KUAIXIAO_Swift/Pods-KUAIXIAO_Swift-resources.sh\"\n";
			showEnvVarsInLog = 0;
		};
		BA92A5355657D496E8FC0AB6 /* [CP] Embed Pods Frameworks */ = {
			isa = PBXShellScriptBuildPhase;
			buildActionMask = 2147483647;
			files = (
			);
			inputPaths = (
				"${SRCROOT}/Pods/Target Support Files/Pods-KUAIXIAO_Swift/Pods-KUAIXIAO_Swift-frameworks.sh",
				"${BUILT_PRODUCTS_DIR}/Alamofire/Alamofire.framework",
				"${BUILT_PRODUCTS_DIR}/DZNEmptyDataSet/DZNEmptyDataSet.framework",
				"${BUILT_PRODUCTS_DIR}/FillableLoaders/FillableLoaders.framework",
				"${BUILT_PRODUCTS_DIR}/Kingfisher/Kingfisher.framework",
				"${BUILT_PRODUCTS_DIR}/Onboard/Onboard.framework",
				"${BUILT_PRODUCTS_DIR}/RAMAnimatedTabBarController/RAMAnimatedTabBarController.framework",
				"${BUILT_PRODUCTS_DIR}/ReachabilitySwift/Reachability.framework",
				"${BUILT_PRODUCTS_DIR}/SJProgressHUD/SJProgressHUD.framework",
				"${BUILT_PRODUCTS_DIR}/SexyJson/SexyJson.framework",
				"${BUILT_PRODUCTS_DIR}/SwiftyJSON/SwiftyJSON.framework",
				"${BUILT_PRODUCTS_DIR}/WHC_Layout/WHC_Layout.framework",
			);
			name = "[CP] Embed Pods Frameworks";
			outputPaths = (
				"${TARGET_BUILD_DIR}/${FRAMEWORKS_FOLDER_PATH}/Alamofire.framework",
				"${TARGET_BUILD_DIR}/${FRAMEWORKS_FOLDER_PATH}/DZNEmptyDataSet.framework",
				"${TARGET_BUILD_DIR}/${FRAMEWORKS_FOLDER_PATH}/FillableLoaders.framework",
				"${TARGET_BUILD_DIR}/${FRAMEWORKS_FOLDER_PATH}/Kingfisher.framework",
				"${TARGET_BUILD_DIR}/${FRAMEWORKS_FOLDER_PATH}/Onboard.framework",
				"${TARGET_BUILD_DIR}/${FRAMEWORKS_FOLDER_PATH}/RAMAnimatedTabBarController.framework",
				"${TARGET_BUILD_DIR}/${FRAMEWORKS_FOLDER_PATH}/Reachability.framework",
				"${TARGET_BUILD_DIR}/${FRAMEWORKS_FOLDER_PATH}/SJProgressHUD.framework",
				"${TARGET_BUILD_DIR}/${FRAMEWORKS_FOLDER_PATH}/SexyJson.framework",
				"${TARGET_BUILD_DIR}/${FRAMEWORKS_FOLDER_PATH}/SwiftyJSON.framework",
				"${TARGET_BUILD_DIR}/${FRAMEWORKS_FOLDER_PATH}/WHC_Layout.framework",
			);
			runOnlyForDeploymentPostprocessing = 0;
			shellPath = /bin/sh;
			shellScript = "\"${SRCROOT}/Pods/Target Support Files/Pods-KUAIXIAO_Swift/Pods-KUAIXIAO_Swift-frameworks.sh\"\n";
			showEnvVarsInLog = 0;
		};
		BE18F11612359FA0AA899E18 /* [CP] Copy Pods Resources */ = {
			isa = PBXShellScriptBuildPhase;
			buildActionMask = 2147483647;
			files = (
			);
			inputPaths = (
			);
			name = "[CP] Copy Pods Resources";
			outputPaths = (
			);
			runOnlyForDeploymentPostprocessing = 0;
			shellPath = /bin/sh;
			shellScript = "\"${SRCROOT}/Pods/Target Support Files/Pods-KUAIXIAO_SwiftUITests/Pods-KUAIXIAO_SwiftUITests-resources.sh\"\n";
			showEnvVarsInLog = 0;
		};
		D0F23738C5F90048D4AA78ED /* [CP] Embed Pods Frameworks */ = {
			isa = PBXShellScriptBuildPhase;
			buildActionMask = 2147483647;
			files = (
			);
			inputPaths = (
			);
			name = "[CP] Embed Pods Frameworks";
			outputPaths = (
			);
			runOnlyForDeploymentPostprocessing = 0;
			shellPath = /bin/sh;
			shellScript = "\"${SRCROOT}/Pods/Target Support Files/Pods-KUAIXIAO_SwiftTests/Pods-KUAIXIAO_SwiftTests-frameworks.sh\"\n";
			showEnvVarsInLog = 0;
		};
/* End PBXShellScriptBuildPhase section */

/* Begin PBXSourcesBuildPhase section */
		3EA5EE321F98C04B00606053 /* Sources */ = {
			isa = PBXSourcesBuildPhase;
			buildActionMask = 2147483647;
			files = (
				8FCD6A491FBB19850092C793 /* WHC_StackView.swift in Sources */,
				8F7A7BEC1FA73CC7008E7E0B /* mac.swift in Sources */,
				8FCD6A3F1FBB142F0092C793 /* KX_LogVModel.swift in Sources */,
				8FCD6A481FBB19850092C793 /* WHC_Frame.swift in Sources */,
				8FAB1BA51FC58FA500B10F53 /* KX_LogCell.swift in Sources */,
				3EA5EE3A1F98C04B00606053 /* AppDelegate.swift in Sources */,
				8FA827AE1FA1FE40002D59A5 /* KX_MeViewController.swift in Sources */,
				3EFDE4101F98C79200810993 /* KX_LoginVC.swift in Sources */,
				8FCD6A4A1FBB19850092C793 /* WHC_AutoLayout.swift in Sources */,
				8FA827991FA1FD0D002D59A5 /* KX_AddressVC.swift in Sources */,
				8FA827AC1FA1FE30002D59A5 /* KX_WorkVC.swift in Sources */,
				8FCD6A4B1FBB19850092C793 /* WHC_AutoCellHeight.swift in Sources */,
				8FA827B11FA205A0002D59A5 /* FK_RequestTool.swift in Sources */,
				8FD2AAF01FA9E45C00AE3203 /* FK_UIDeviceExtension.swift in Sources */,
				8FA827531FA1F864002D59A5 /* KX_MainTabBarVC.swift in Sources */,
				8F372BF91FCD82A300C5410B /* KX_ContentDetailView.swift in Sources */,
				8F6248D41FB1D70800D73135 /* KX_UserInfo.swift in Sources */,
				8FCD6A3D1FBB141F0092C793 /* FK_LogModel.swift in Sources */,
				8FAB1BA31FC44A1D00B10F53 /* KX_MessageVC.swift in Sources */,
			);
			runOnlyForDeploymentPostprocessing = 0;
		};
		3EA5EE461F98C04B00606053 /* Sources */ = {
			isa = PBXSourcesBuildPhase;
			buildActionMask = 2147483647;
			files = (
				3EA5EE4F1F98C04B00606053 /* KUAIXIAO_SwiftTests.swift in Sources */,
			);
			runOnlyForDeploymentPostprocessing = 0;
		};
		3EA5EE511F98C04B00606053 /* Sources */ = {
			isa = PBXSourcesBuildPhase;
			buildActionMask = 2147483647;
			files = (
				3EA5EE5A1F98C04B00606053 /* KUAIXIAO_SwiftUITests.swift in Sources */,
			);
			runOnlyForDeploymentPostprocessing = 0;
		};
/* End PBXSourcesBuildPhase section */

/* Begin PBXTargetDependency section */
		3EA5EE4C1F98C04B00606053 /* PBXTargetDependency */ = {
			isa = PBXTargetDependency;
			target = 3EA5EE351F98C04B00606053 /* KUAIXIAO_Swift */;
			targetProxy = 3EA5EE4B1F98C04B00606053 /* PBXContainerItemProxy */;
		};
		3EA5EE571F98C04B00606053 /* PBXTargetDependency */ = {
			isa = PBXTargetDependency;
			target = 3EA5EE351F98C04B00606053 /* KUAIXIAO_Swift */;
			targetProxy = 3EA5EE561F98C04B00606053 /* PBXContainerItemProxy */;
		};
/* End PBXTargetDependency section */

/* Begin PBXVariantGroup section */
		3EA5EE3D1F98C04B00606053 /* Main.storyboard */ = {
			isa = PBXVariantGroup;
			children = (
				3EA5EE3E1F98C04B00606053 /* Base */,
			);
			name = Main.storyboard;
			sourceTree = "<group>";
		};
		3EA5EE421F98C04B00606053 /* LaunchScreen.storyboard */ = {
			isa = PBXVariantGroup;
			children = (
				3EA5EE431F98C04B00606053 /* Base */,
			);
			name = LaunchScreen.storyboard;
			sourceTree = "<group>";
		};
/* End PBXVariantGroup section */

/* Begin XCBuildConfiguration section */
		3EA5EE5C1F98C04B00606053 /* Debug */ = {
			isa = XCBuildConfiguration;
			buildSettings = {
				ALWAYS_SEARCH_USER_PATHS = NO;
				CLANG_ANALYZER_NONNULL = YES;
				CLANG_ANALYZER_NUMBER_OBJECT_CONVERSION = YES_AGGRESSIVE;
				CLANG_CXX_LANGUAGE_STANDARD = "gnu++14";
				CLANG_CXX_LIBRARY = "libc++";
				CLANG_ENABLE_MODULES = YES;
				CLANG_ENABLE_OBJC_ARC = YES;
				CLANG_WARN_BLOCK_CAPTURE_AUTORELEASING = YES;
				CLANG_WARN_BOOL_CONVERSION = YES;
				CLANG_WARN_COMMA = YES;
				CLANG_WARN_CONSTANT_CONVERSION = YES;
				CLANG_WARN_DIRECT_OBJC_ISA_USAGE = YES_ERROR;
				CLANG_WARN_DOCUMENTATION_COMMENTS = YES;
				CLANG_WARN_EMPTY_BODY = YES;
				CLANG_WARN_ENUM_CONVERSION = YES;
				CLANG_WARN_INFINITE_RECURSION = YES;
				CLANG_WARN_INT_CONVERSION = YES;
				CLANG_WARN_NON_LITERAL_NULL_CONVERSION = YES;
				CLANG_WARN_OBJC_LITERAL_CONVERSION = YES;
				CLANG_WARN_OBJC_ROOT_CLASS = YES_ERROR;
				CLANG_WARN_RANGE_LOOP_ANALYSIS = YES;
				CLANG_WARN_STRICT_PROTOTYPES = YES;
				CLANG_WARN_SUSPICIOUS_MOVE = YES;
				CLANG_WARN_UNGUARDED_AVAILABILITY = YES_AGGRESSIVE;
				CLANG_WARN_UNREACHABLE_CODE = YES;
				CLANG_WARN__DUPLICATE_METHOD_MATCH = YES;
				CODE_SIGN_IDENTITY = "iPhone Developer";
				COPY_PHASE_STRIP = NO;
				DEBUG_INFORMATION_FORMAT = dwarf;
				ENABLE_STRICT_OBJC_MSGSEND = YES;
				ENABLE_TESTABILITY = YES;
				GCC_C_LANGUAGE_STANDARD = gnu11;
				GCC_DYNAMIC_NO_PIC = NO;
				GCC_NO_COMMON_BLOCKS = YES;
				GCC_OPTIMIZATION_LEVEL = 0;
				GCC_PREPROCESSOR_DEFINITIONS = (
					"DEBUG=1",
					"$(inherited)",
				);
				GCC_WARN_64_TO_32_BIT_CONVERSION = YES;
				GCC_WARN_ABOUT_RETURN_TYPE = YES_ERROR;
				GCC_WARN_UNDECLARED_SELECTOR = YES;
				GCC_WARN_UNINITIALIZED_AUTOS = YES_AGGRESSIVE;
				GCC_WARN_UNUSED_FUNCTION = YES;
				GCC_WARN_UNUSED_VARIABLE = YES;
				IPHONEOS_DEPLOYMENT_TARGET = 11.0;
				MTL_ENABLE_DEBUG_INFO = YES;
				ONLY_ACTIVE_ARCH = YES;
				SDKROOT = iphoneos;
				SWIFT_ACTIVE_COMPILATION_CONDITIONS = DEBUG;
				SWIFT_OPTIMIZATION_LEVEL = "-Onone";
			};
			name = Debug;
		};
		3EA5EE5D1F98C04B00606053 /* Release */ = {
			isa = XCBuildConfiguration;
			buildSettings = {
				ALWAYS_SEARCH_USER_PATHS = NO;
				CLANG_ANALYZER_NONNULL = YES;
				CLANG_ANALYZER_NUMBER_OBJECT_CONVERSION = YES_AGGRESSIVE;
				CLANG_CXX_LANGUAGE_STANDARD = "gnu++14";
				CLANG_CXX_LIBRARY = "libc++";
				CLANG_ENABLE_MODULES = YES;
				CLANG_ENABLE_OBJC_ARC = YES;
				CLANG_WARN_BLOCK_CAPTURE_AUTORELEASING = YES;
				CLANG_WARN_BOOL_CONVERSION = YES;
				CLANG_WARN_COMMA = YES;
				CLANG_WARN_CONSTANT_CONVERSION = YES;
				CLANG_WARN_DIRECT_OBJC_ISA_USAGE = YES_ERROR;
				CLANG_WARN_DOCUMENTATION_COMMENTS = YES;
				CLANG_WARN_EMPTY_BODY = YES;
				CLANG_WARN_ENUM_CONVERSION = YES;
				CLANG_WARN_INFINITE_RECURSION = YES;
				CLANG_WARN_INT_CONVERSION = YES;
				CLANG_WARN_NON_LITERAL_NULL_CONVERSION = YES;
				CLANG_WARN_OBJC_LITERAL_CONVERSION = YES;
				CLANG_WARN_OBJC_ROOT_CLASS = YES_ERROR;
				CLANG_WARN_RANGE_LOOP_ANALYSIS = YES;
				CLANG_WARN_STRICT_PROTOTYPES = YES;
				CLANG_WARN_SUSPICIOUS_MOVE = YES;
				CLANG_WARN_UNGUARDED_AVAILABILITY = YES_AGGRESSIVE;
				CLANG_WARN_UNREACHABLE_CODE = YES;
				CLANG_WARN__DUPLICATE_METHOD_MATCH = YES;
				CODE_SIGN_IDENTITY = "iPhone Developer";
				COPY_PHASE_STRIP = NO;
				DEBUG_INFORMATION_FORMAT = "dwarf-with-dsym";
				ENABLE_NS_ASSERTIONS = NO;
				ENABLE_STRICT_OBJC_MSGSEND = YES;
				GCC_C_LANGUAGE_STANDARD = gnu11;
				GCC_NO_COMMON_BLOCKS = YES;
				GCC_WARN_64_TO_32_BIT_CONVERSION = YES;
				GCC_WARN_ABOUT_RETURN_TYPE = YES_ERROR;
				GCC_WARN_UNDECLARED_SELECTOR = YES;
				GCC_WARN_UNINITIALIZED_AUTOS = YES_AGGRESSIVE;
				GCC_WARN_UNUSED_FUNCTION = YES;
				GCC_WARN_UNUSED_VARIABLE = YES;
				IPHONEOS_DEPLOYMENT_TARGET = 11.0;
				MTL_ENABLE_DEBUG_INFO = NO;
				SDKROOT = iphoneos;
				SWIFT_OPTIMIZATION_LEVEL = "-Owholemodule";
				VALIDATE_PRODUCT = YES;
			};
			name = Release;
		};
		3EA5EE5F1F98C04B00606053 /* Debug */ = {
			isa = XCBuildConfiguration;
			baseConfigurationReference = C8A0AB21562ECF5E6CFEECB6 /* Pods-KUAIXIAO_Swift.debug.xcconfig */;
			buildSettings = {
				ASSETCATALOG_COMPILER_APPICON_NAME = AppIcon;
				CODE_SIGN_STYLE = Automatic;
				DEVELOPMENT_TEAM = MUB55N6K35;
				INFOPLIST_FILE = KUAIXIAO_Swift/Info.plist;
				LD_RUNPATH_SEARCH_PATHS = "$(inherited) @executable_path/Frameworks";
				PRODUCT_BUNDLE_IDENTIFIER = "com.KYCloud.MyCityProject.KUAIXIAO-Swift";
				PRODUCT_NAME = "$(TARGET_NAME)";
				SWIFT_VERSION = 4.0;
				TARGETED_DEVICE_FAMILY = "1,2";
			};
			name = Debug;
		};
		3EA5EE601F98C04B00606053 /* Release */ = {
			isa = XCBuildConfiguration;
			baseConfigurationReference = 623AA3B6E079C6D2E6CCD90E /* Pods-KUAIXIAO_Swift.release.xcconfig */;
			buildSettings = {
				ASSETCATALOG_COMPILER_APPICON_NAME = AppIcon;
				CODE_SIGN_STYLE = Automatic;
				DEVELOPMENT_TEAM = MUB55N6K35;
				INFOPLIST_FILE = KUAIXIAO_Swift/Info.plist;
				LD_RUNPATH_SEARCH_PATHS = "$(inherited) @executable_path/Frameworks";
				PRODUCT_BUNDLE_IDENTIFIER = "com.KYCloud.MyCityProject.KUAIXIAO-Swift";
				PRODUCT_NAME = "$(TARGET_NAME)";
				SWIFT_VERSION = 4.0;
				TARGETED_DEVICE_FAMILY = "1,2";
			};
			name = Release;
		};
		3EA5EE621F98C04B00606053 /* Debug */ = {
			isa = XCBuildConfiguration;
			baseConfigurationReference = B15103C2A0BD650C29607461 /* Pods-KUAIXIAO_SwiftTests.debug.xcconfig */;
			buildSettings = {
				ALWAYS_EMBED_SWIFT_STANDARD_LIBRARIES = YES;
				BUNDLE_LOADER = "$(TEST_HOST)";
				CODE_SIGN_STYLE = Automatic;
				INFOPLIST_FILE = KUAIXIAO_SwiftTests/Info.plist;
				LD_RUNPATH_SEARCH_PATHS = "$(inherited) @executable_path/Frameworks @loader_path/Frameworks";
				PRODUCT_BUNDLE_IDENTIFIER = "com.KYCloud.MyCityProject.KUAIXIAO-SwiftTests";
				PRODUCT_NAME = "$(TARGET_NAME)";
				SWIFT_VERSION = 4.0;
				TARGETED_DEVICE_FAMILY = "1,2";
				TEST_HOST = "$(BUILT_PRODUCTS_DIR)/KUAIXIAO_Swift.app/KUAIXIAO_Swift";
			};
			name = Debug;
		};
		3EA5EE631F98C04B00606053 /* Release */ = {
			isa = XCBuildConfiguration;
			baseConfigurationReference = 70DE7A274C49B7336040A5A9 /* Pods-KUAIXIAO_SwiftTests.release.xcconfig */;
			buildSettings = {
				ALWAYS_EMBED_SWIFT_STANDARD_LIBRARIES = YES;
				BUNDLE_LOADER = "$(TEST_HOST)";
				CODE_SIGN_STYLE = Automatic;
				INFOPLIST_FILE = KUAIXIAO_SwiftTests/Info.plist;
				LD_RUNPATH_SEARCH_PATHS = "$(inherited) @executable_path/Frameworks @loader_path/Frameworks";
				PRODUCT_BUNDLE_IDENTIFIER = "com.KYCloud.MyCityProject.KUAIXIAO-SwiftTests";
				PRODUCT_NAME = "$(TARGET_NAME)";
				SWIFT_VERSION = 4.0;
				TARGETED_DEVICE_FAMILY = "1,2";
				TEST_HOST = "$(BUILT_PRODUCTS_DIR)/KUAIXIAO_Swift.app/KUAIXIAO_Swift";
			};
			name = Release;
		};
		3EA5EE651F98C04B00606053 /* Debug */ = {
			isa = XCBuildConfiguration;
			baseConfigurationReference = EA3F080C43B8AB0ACB67D970 /* Pods-KUAIXIAO_SwiftUITests.debug.xcconfig */;
			buildSettings = {
				ALWAYS_EMBED_SWIFT_STANDARD_LIBRARIES = YES;
				CODE_SIGN_STYLE = Automatic;
				INFOPLIST_FILE = KUAIXIAO_SwiftUITests/Info.plist;
				LD_RUNPATH_SEARCH_PATHS = "$(inherited) @executable_path/Frameworks @loader_path/Frameworks";
				PRODUCT_BUNDLE_IDENTIFIER = "com.KYCloud.MyCityProject.KUAIXIAO-SwiftUITests";
				PRODUCT_NAME = "$(TARGET_NAME)";
				SWIFT_VERSION = 4.0;
				TARGETED_DEVICE_FAMILY = "1,2";
				TEST_TARGET_NAME = KUAIXIAO_Swift;
			};
			name = Debug;
		};
		3EA5EE661F98C04B00606053 /* Release */ = {
			isa = XCBuildConfiguration;
			baseConfigurationReference = C2BA93EB9F38C110E52B9851 /* Pods-KUAIXIAO_SwiftUITests.release.xcconfig */;
			buildSettings = {
				ALWAYS_EMBED_SWIFT_STANDARD_LIBRARIES = YES;
				CODE_SIGN_STYLE = Automatic;
				INFOPLIST_FILE = KUAIXIAO_SwiftUITests/Info.plist;
				LD_RUNPATH_SEARCH_PATHS = "$(inherited) @executable_path/Frameworks @loader_path/Frameworks";
				PRODUCT_BUNDLE_IDENTIFIER = "com.KYCloud.MyCityProject.KUAIXIAO-SwiftUITests";
				PRODUCT_NAME = "$(TARGET_NAME)";
				SWIFT_VERSION = 4.0;
				TARGETED_DEVICE_FAMILY = "1,2";
				TEST_TARGET_NAME = KUAIXIAO_Swift;
			};
			name = Release;
		};
/* End XCBuildConfiguration section */

/* Begin XCConfigurationList section */
		3EA5EE311F98C04B00606053 /* Build configuration list for PBXProject "KUAIXIAO_Swift" */ = {
			isa = XCConfigurationList;
			buildConfigurations = (
				3EA5EE5C1F98C04B00606053 /* Debug */,
				3EA5EE5D1F98C04B00606053 /* Release */,
			);
			defaultConfigurationIsVisible = 0;
			defaultConfigurationName = Release;
		};
		3EA5EE5E1F98C04B00606053 /* Build configuration list for PBXNativeTarget "KUAIXIAO_Swift" */ = {
			isa = XCConfigurationList;
			buildConfigurations = (
				3EA5EE5F1F98C04B00606053 /* Debug */,
				3EA5EE601F98C04B00606053 /* Release */,
			);
			defaultConfigurationIsVisible = 0;
			defaultConfigurationName = Release;
		};
		3EA5EE611F98C04B00606053 /* Build configuration list for PBXNativeTarget "KUAIXIAO_SwiftTests" */ = {
			isa = XCConfigurationList;
			buildConfigurations = (
				3EA5EE621F98C04B00606053 /* Debug */,
				3EA5EE631F98C04B00606053 /* Release */,
			);
			defaultConfigurationIsVisible = 0;
			defaultConfigurationName = Release;
		};
		3EA5EE641F98C04B00606053 /* Build configuration list for PBXNativeTarget "KUAIXIAO_SwiftUITests" */ = {
			isa = XCConfigurationList;
			buildConfigurations = (
				3EA5EE651F98C04B00606053 /* Debug */,
				3EA5EE661F98C04B00606053 /* Release */,
			);
			defaultConfigurationIsVisible = 0;
			defaultConfigurationName = Release;
		};
/* End XCConfigurationList section */
	};
	rootObject = 3EA5EE2E1F98C04B00606053 /* Project object */;
}
