PODS:
  - Alamofire (4.5.1)
  - FillableLoaders (1.3.0)
  - RAMAnimatedTabBarController (2.0.13)
  - ReachabilitySwift (3)
  - SCLAlertView (0.7.0)
  - SwiftyJSON (3.1.4)

DEPENDENCIES:
  - Alamofire (~> 4.5)
  - FillableLoaders (~> 1.3.0)
  - RAMAnimatedTabBarController (~> 2.0.13)
  - ReachabilitySwift
  - SCLAlertView
  - SwiftyJSON

SPEC CHECKSUMS:
  Alamofire: 2d95912bf4c34f164fdfc335872e8c312acaea4a
  FillableLoaders: 4decb0c33ce84a7da0da7be6b0fb15a87cb9906b
  RAMAnimatedTabBarController: 2510f3b66954c3f77ea1042a35d34df8f5f3b604
  ReachabilitySwift: f5b9bb30a0777fac8f09ce8b067e32faeb29bb64
  SCLAlertView: 8a14ffc40590c619e183eed2298b854385f30be1
  SwiftyJSON: c2842d878f95482ffceec5709abc3d05680c0220

PODFILE CHECKSUM: 8be7068168b98f301cbee9cd029e181011a01fdd

COCOAPODS: 1.2.0
